
Microsoft Visual Studio Solution File, Format Version 12.00
# Visual Studio 15
VisualStudioVersion = 15.0.28010.2046
MinimumVisualStudioVersion = 10.0.40219.1
Project("{9A19103F-16F7-4668-BE54-9A1E7A4F7556}") = "CountingStrings.API", "CountingStrings.API\CountingStrings.API.csproj", "{1AAD67B4-E9F1-4978-B67B-5476CCDC7439}"
EndProject
Project("{9A19103F-16F7-4668-BE54-9A1E7A4F7556}") = "CountingStrings.Service", "CountingStrings.Service\CountingStrings.Service.csproj", "{E7C0A6ED-D406-4B64-9A6E-8E363287007A}"
EndProject
Project("{9A19103F-16F7-4668-BE54-9A1E7A4F7556}") = "CountingStrings.Service.Data", "CountingStrings.Service.Data\CountingStrings.Service.Data.csproj", "{AFDBCD64-C79D-43F8-8FEF-7F13EE35B4C4}"
EndProject
Project("{9A19103F-16F7-4668-BE54-9A1E7A4F7556}") = "CountingStrings.API.Contract", "CountingStrings.API.Contract\CountingStrings.API.Contract.csproj", "{BD320AC1-C303-491C-9700-E54CAD324E3C}"
EndProject
Project("{9A19103F-16F7-4668-BE54-9A1E7A4F7556}") = "CountingStrings.Service.Test", "CountingStrings.Service.Test\CountingStrings.Service.Test.csproj", "{866A9D5C-3DFC-43A0-9630-1DA20E27E32B}"
EndProject
Project("{9A19103F-16F7-4668-BE54-9A1E7A4F7556}") = "CountingStrings.API.Data", "CountingStrings.API.Data\CountingStrings.API.Data.csproj", "{A234C629-3695-4704-8198-ABC50F89B32B}"
EndProject
Project("{9A19103F-16F7-4668-BE54-9A1E7A4F7556}") = "CountingStrings.Worker.Test", "CountingStrings.Worker.Test\CountingStrings.Worker.Test.csproj", "{3B91A44B-F359-4730-8121-933D4A419319}"
EndProject
Project("{9A19103F-16F7-4668-BE54-9A1E7A4F7556}") = "CountingStrings.Worker", "CountingStrings.Worker\CountingStrings.Worker.csproj", "{C358E0B0-DFF7-4015-B3C6-618C6C3EF824}"
EndProject
Global
	GlobalSection(SolutionConfigurationPlatforms) = preSolution
		Debug|Any CPU = Debug|Any CPU
		Release|Any CPU = Release|Any CPU
	EndGlobalSection
	GlobalSection(ProjectConfigurationPlatforms) = postSolution
		{1AAD67B4-E9F1-4978-B67B-5476CCDC7439}.Debug|Any CPU.ActiveCfg = Debug|Any CPU
		{1AAD67B4-E9F1-4978-B67B-5476CCDC7439}.Debug|Any CPU.Build.0 = Debug|Any CPU
		{1AAD67B4-E9F1-4978-B67B-5476CCDC7439}.Release|Any CPU.ActiveCfg = Release|Any CPU
		{1AAD67B4-E9F1-4978-B67B-5476CCDC7439}.Release|Any CPU.Build.0 = Release|Any CPU
		{E7C0A6ED-D406-4B64-9A6E-8E363287007A}.Debug|Any CPU.ActiveCfg = Debug|Any CPU
		{E7C0A6ED-D406-4B64-9A6E-8E363287007A}.Debug|Any CPU.Build.0 = Debug|Any CPU
		{E7C0A6ED-D406-4B64-9A6E-8E363287007A}.Release|Any CPU.ActiveCfg = Release|Any CPU
		{E7C0A6ED-D406-4B64-9A6E-8E363287007A}.Release|Any CPU.Build.0 = Release|Any CPU
		{AFDBCD64-C79D-43F8-8FEF-7F13EE35B4C4}.Debug|Any CPU.ActiveCfg = Debug|Any CPU
		{AFDBCD64-C79D-43F8-8FEF-7F13EE35B4C4}.Debug|Any CPU.Build.0 = Debug|Any CPU
		{AFDBCD64-C79D-43F8-8FEF-7F13EE35B4C4}.Release|Any CPU.ActiveCfg = Release|Any CPU
		{AFDBCD64-C79D-43F8-8FEF-7F13EE35B4C4}.Release|Any CPU.Build.0 = Release|Any CPU
		{BD320AC1-C303-491C-9700-E54CAD324E3C}.Debug|Any CPU.ActiveCfg = Debug|Any CPU
		{BD320AC1-C303-491C-9700-E54CAD324E3C}.Debug|Any CPU.Build.0 = Debug|Any CPU
		{BD320AC1-C303-491C-9700-E54CAD324E3C}.Release|Any CPU.ActiveCfg = Release|Any CPU
		{BD320AC1-C303-491C-9700-E54CAD324E3C}.Release|Any CPU.Build.0 = Release|Any CPU
		{866A9D5C-3DFC-43A0-9630-1DA20E27E32B}.Debug|Any CPU.ActiveCfg = Debug|Any CPU
		{866A9D5C-3DFC-43A0-9630-1DA20E27E32B}.Debug|Any CPU.Build.0 = Debug|Any CPU
		{866A9D5C-3DFC-43A0-9630-1DA20E27E32B}.Release|Any CPU.ActiveCfg = Release|Any CPU
		{866A9D5C-3DFC-43A0-9630-1DA20E27E32B}.Release|Any CPU.Build.0 = Release|Any CPU
		{A234C629-3695-4704-8198-ABC50F89B32B}.Debug|Any CPU.ActiveCfg = Debug|Any CPU
		{A234C629-3695-4704-8198-ABC50F89B32B}.Debug|Any CPU.Build.0 = Debug|Any CPU
		{A234C629-3695-4704-8198-ABC50F89B32B}.Release|Any CPU.ActiveCfg = Release|Any CPU
		{A234C629-3695-4704-8198-ABC50F89B32B}.Release|Any CPU.Build.0 = Release|Any CPU
		{3B91A44B-F359-4730-8121-933D4A419319}.Debug|Any CPU.ActiveCfg = Debug|Any CPU
		{3B91A44B-F359-4730-8121-933D4A419319}.Debug|Any CPU.Build.0 = Debug|Any CPU
		{3B91A44B-F359-4730-8121-933D4A419319}.Release|Any CPU.ActiveCfg = Release|Any CPU
		{3B91A44B-F359-4730-8121-933D4A419319}.Release|Any CPU.Build.0 = Release|Any CPU
		{C358E0B0-DFF7-4015-B3C6-618C6C3EF824}.Debug|Any CPU.ActiveCfg = Debug|Any CPU
		{C358E0B0-DFF7-4015-B3C6-618C6C3EF824}.Debug|Any CPU.Build.0 = Debug|Any CPU
		{C358E0B0-DFF7-4015-B3C6-618C6C3EF824}.Release|Any CPU.ActiveCfg = Release|Any CPU
		{C358E0B0-DFF7-4015-B3C6-618C6C3EF824}.Release|Any CPU.Build.0 = Release|Any CPU
	EndGlobalSection
	GlobalSection(SolutionProperties) = preSolution
		HideSolutionNode = FALSE
	EndGlobalSection
	GlobalSection(ExtensibilityGlobals) = postSolution
		SolutionGuid = {70FA1561-C30F-436F-B6CD-C8EA8D670C0C}
	EndGlobalSection
EndGlobal
